
Microsoft Visual Studio Solution File, Format Version 12.00
# Visual Studio 15
VisualStudioVersion = 15.0.27004.2002
MinimumVisualStudioVersion = 10.0.40219.1
Project("{FAE04EC0-301F-11D3-BF4B-00C04F79EFBC}") = "TopShelf", "TopShelf\TopShelf.csproj", "{F26A1AEE-AB83-483B-BA29-A85C4F54D25E}"
EndProject
Global
	GlobalSection(SolutionConfigurationPlatforms) = preSolution
		Debug|Any CPU = Debug|Any CPU
		Release|Any CPU = Release|Any CPU
	EndGlobalSection
	GlobalSection(ProjectConfigurationPlatforms) = postSolution
		{F26A1AEE-AB83-483B-BA29-A85C4F54D25E}.Debug|Any CPU.ActiveCfg = Debug|Any CPU
		{F26A1AEE-AB83-483B-BA29-A85C4F54D25E}.Debug|Any CPU.Build.0 = Debug|Any CPU
		{F26A1AEE-AB83-483B-BA29-A85C4F54D25E}.Release|Any CPU.ActiveCfg = Release|Any CPU
		{F26A1AEE-AB83-483B-BA29-A85C4F54D25E}.Release|Any CPU.Build.0 = Release|Any CPU
	EndGlobalSection
	GlobalSection(SolutionProperties) = preSolution
		HideSolutionNode = FALSE
	EndGlobalSection
	GlobalSection(ExtensibilityGlobals) = postSolution
		SolutionGuid = {0FBC444C-A9FB-4265-8DD6-40A694A9D280}
	EndGlobalSection
EndGlobal
